
Microsoft Visual Studio Solution File, Format Version 12.00
# Visual Studio Version 17
VisualStudioVersion = 17.1.32210.238
MinimumVisualStudioVersion = 10.0.40219.1
Project("{2150E333-8FDC-42A3-9474-1A3956D46DE8}") = "Solution Items", "Solution Items", "{E9F61080-53D5-493F-A586-0230851C638D}"
	ProjectSection(SolutionItems) = preProject
		..\.gitattributes = ..\.gitattributes
		..\.gitignore = ..\.gitignore
		NuGet.config = NuGet.config
		..\README.md = ..\README.md
	EndProjectSection
EndProject
Project("{2150E333-8FDC-42A3-9474-1A3956D46DE8}") = "tests", "tests", "{12E541D0-7FC3-4984-8029-FCA17E9DDC80}"
EndProject
Project("{2150E333-8FDC-42A3-9474-1A3956D46DE8}") = "0-Presentation", "0-Presentation", "{36FB05A9-E9CF-47AA-B9C5-06437B69ED35}"
EndProject
Project("{2150E333-8FDC-42A3-9474-1A3956D46DE8}") = "1-Application", "1-Application", "{5A656A90-5093-465E-8EFD-11C1DA140B72}"
EndProject
Project("{2150E333-8FDC-42A3-9474-1A3956D46DE8}") = "src", "src", "{656995BA-CF0C-4C71-866E-59F758370D37}"
EndProject
Project("{2150E333-8FDC-42A3-9474-1A3956D46DE8}") = "2-Domain", "2-Domain", "{2D4565CF-BD87-498E-AA4E-396CD85AF9FC}"
EndProject
Project("{2150E333-8FDC-42A3-9474-1A3956D46DE8}") = "3-Infrastructure", "3-Infrastructure", "{F799BBC0-80F7-4DDF-8465-8BB55CF12090}"
EndProject
Project("{9A19103F-16F7-4668-BE54-9A1E7A4F7556}") = "Shao.ApiTemp", "Shao.ApiTemp\Shao.ApiTemp.csproj", "{2172FA27-4DD5-41B0-9960-CA3D05E27CC0}"
EndProject
Project("{9A19103F-16F7-4668-BE54-9A1E7A4F7556}") = "Shao.ApiTemp.Common", "Shao.ApiTemp.Common\Shao.ApiTemp.Common.csproj", "{512D33D6-DBEB-4534-8B14-371C51DA6C68}"
EndProject
Project("{9A19103F-16F7-4668-BE54-9A1E7A4F7556}") = "Shao.ApiTemp.Service", "Shao.ApiTemp.Service\Shao.ApiTemp.Service.csproj", "{F8BD7F20-2EBD-4349-88C7-5F3C6A2F0A71}"
EndProject
Project("{9A19103F-16F7-4668-BE54-9A1E7A4F7556}") = "Shao.ApiTemp.Domain", "Shao.ApiTemp.Domain\Shao.ApiTemp.Domain.csproj", "{CC4916B5-2CE6-428C-9FCE-B2ED4AE0D994}"
EndProject
Project("{9A19103F-16F7-4668-BE54-9A1E7A4F7556}") = "Shao.ApiTemp.IService", "Shao.ApiTemp.IService\Shao.ApiTemp.IService.csproj", "{B3E31C96-A5C0-49F8-AF7B-BAFFD602EB4B}"
EndProject
Project("{9A19103F-16F7-4668-BE54-9A1E7A4F7556}") = "Shao.ApiTemp.Repo", "Shao.ApiTemp.Repo\Shao.ApiTemp.Repo.csproj", "{2EBAC22F-FBFD-4172-8353-F34FC026379B}"
EndProject
Project("{2150E333-8FDC-42A3-9474-1A3956D46DE8}") = "tool", "tool", "{DDA6DB6B-EAF8-44A6-9DCC-84C4C67B050E}"
EndProject
Project("{9A19103F-16F7-4668-BE54-9A1E7A4F7556}") = "Shao.ApiTemp.Temp", "Shao.ApiTemp.Temp\Shao.ApiTemp.Temp.csproj", "{265EFCF0-54C1-490F-B3C1-3B2A049E023F}"
EndProject
Project("{9A19103F-16F7-4668-BE54-9A1E7A4F7556}") = "Shao.ApiTemp.Common.UnitTests", "Shao.ApiTemp.Common.UnitTests\Shao.ApiTemp.Common.UnitTests.csproj", "{4BA09CF9-F24B-4ACA-9BB9-6A2EF051943E}"
EndProject
Project("{FAE04EC0-301F-11D3-BF4B-00C04F79EFBC}") = "Shao.ApiTemp.VisualCode", "Shao.ApiTemp.VisualCode\Shao.ApiTemp.VisualCode.csproj", "{A47B0894-0248-446E-95D3-7288A9D304C7}"
EndProject
Project("{9A19103F-16F7-4668-BE54-9A1E7A4F7556}") = "Shao.ApiTemp.T4", "Shao.ApiTemp.T4\Shao.ApiTemp.T4.csproj", "{AF7D95C2-80DA-4C16-875C-EDC34B0DEEFE}"
EndProject
Project("{9A19103F-16F7-4668-BE54-9A1E7A4F7556}") = "Shao.ApiTemp.Repo.Sql", "Shao.ApiTemp.Repo.Sql\Shao.ApiTemp.Repo.Sql.csproj", "{E9A83270-C4EC-4D4F-8B35-9431A7081376}"
EndProject
Project("{9A19103F-16F7-4668-BE54-9A1E7A4F7556}") = "Shao.ApiTemp.FunctionalTests", "Shao.ApiTemp.FunctionalTests\Shao.ApiTemp.FunctionalTests.csproj", "{C7D8EECB-910F-42BA-A6CF-BE34B7C1AB84}"
EndProject
Project("{9A19103F-16F7-4668-BE54-9A1E7A4F7556}") = "Shao.ApiTemp.AutoTask", "Shao.ApiTemp.AutoTask\Shao.ApiTemp.AutoTask.csproj", "{D159A963-9A23-47BA-8B65-2F79F27D2E0A}"
EndProject
Project("{FAE04EC0-301F-11D3-BF4B-00C04F79EFBC}") = "Shao.ApiTemp.DomainService", "Shao.ApiTemp.DomainService\Shao.ApiTemp.DomainService.csproj", "{3ECA87B6-6050-48C7-AF5C-BA549F4A6556}"
EndProject
Project("{FAE04EC0-301F-11D3-BF4B-00C04F79EFBC}") = "Shao.ApiTemp.Repo.Remote", "Shao.ApiTemp.Repo.Remote\Shao.ApiTemp.Repo.Remote.csproj", "{3971D074-ADEE-4EF2-9063-65FBC2B9B200}"
EndProject
Global
	GlobalSection(SolutionConfigurationPlatforms) = preSolution
		Debug|Any CPU = Debug|Any CPU
		Release|Any CPU = Release|Any CPU
	EndGlobalSection
	GlobalSection(ProjectConfigurationPlatforms) = postSolution
		{2172FA27-4DD5-41B0-9960-CA3D05E27CC0}.Debug|Any CPU.ActiveCfg = Debug|Any CPU
		{2172FA27-4DD5-41B0-9960-CA3D05E27CC0}.Debug|Any CPU.Build.0 = Debug|Any CPU
		{2172FA27-4DD5-41B0-9960-CA3D05E27CC0}.Release|Any CPU.ActiveCfg = Release|Any CPU
		{2172FA27-4DD5-41B0-9960-CA3D05E27CC0}.Release|Any CPU.Build.0 = Release|Any CPU
		{512D33D6-DBEB-4534-8B14-371C51DA6C68}.Debug|Any CPU.ActiveCfg = Debug|Any CPU
		{512D33D6-DBEB-4534-8B14-371C51DA6C68}.Debug|Any CPU.Build.0 = Debug|Any CPU
		{512D33D6-DBEB-4534-8B14-371C51DA6C68}.Release|Any CPU.ActiveCfg = Release|Any CPU
		{512D33D6-DBEB-4534-8B14-371C51DA6C68}.Release|Any CPU.Build.0 = Release|Any CPU
		{F8BD7F20-2EBD-4349-88C7-5F3C6A2F0A71}.Debug|Any CPU.ActiveCfg = Debug|Any CPU
		{F8BD7F20-2EBD-4349-88C7-5F3C6A2F0A71}.Debug|Any CPU.Build.0 = Debug|Any CPU
		{F8BD7F20-2EBD-4349-88C7-5F3C6A2F0A71}.Release|Any CPU.ActiveCfg = Release|Any CPU
		{F8BD7F20-2EBD-4349-88C7-5F3C6A2F0A71}.Release|Any CPU.Build.0 = Release|Any CPU
		{CC4916B5-2CE6-428C-9FCE-B2ED4AE0D994}.Debug|Any CPU.ActiveCfg = Debug|Any CPU
		{CC4916B5-2CE6-428C-9FCE-B2ED4AE0D994}.Debug|Any CPU.Build.0 = Debug|Any CPU
		{CC4916B5-2CE6-428C-9FCE-B2ED4AE0D994}.Release|Any CPU.ActiveCfg = Release|Any CPU
		{CC4916B5-2CE6-428C-9FCE-B2ED4AE0D994}.Release|Any CPU.Build.0 = Release|Any CPU
		{B3E31C96-A5C0-49F8-AF7B-BAFFD602EB4B}.Debug|Any CPU.ActiveCfg = Debug|Any CPU
		{B3E31C96-A5C0-49F8-AF7B-BAFFD602EB4B}.Debug|Any CPU.Build.0 = Debug|Any CPU
		{B3E31C96-A5C0-49F8-AF7B-BAFFD602EB4B}.Release|Any CPU.ActiveCfg = Release|Any CPU
		{B3E31C96-A5C0-49F8-AF7B-BAFFD602EB4B}.Release|Any CPU.Build.0 = Release|Any CPU
		{2EBAC22F-FBFD-4172-8353-F34FC026379B}.Debug|Any CPU.ActiveCfg = Debug|Any CPU
		{2EBAC22F-FBFD-4172-8353-F34FC026379B}.Debug|Any CPU.Build.0 = Debug|Any CPU
		{2EBAC22F-FBFD-4172-8353-F34FC026379B}.Release|Any CPU.ActiveCfg = Release|Any CPU
		{2EBAC22F-FBFD-4172-8353-F34FC026379B}.Release|Any CPU.Build.0 = Release|Any CPU
		{265EFCF0-54C1-490F-B3C1-3B2A049E023F}.Debug|Any CPU.ActiveCfg = Debug|Any CPU
		{265EFCF0-54C1-490F-B3C1-3B2A049E023F}.Debug|Any CPU.Build.0 = Debug|Any CPU
		{265EFCF0-54C1-490F-B3C1-3B2A049E023F}.Release|Any CPU.ActiveCfg = Release|Any CPU
		{265EFCF0-54C1-490F-B3C1-3B2A049E023F}.Release|Any CPU.Build.0 = Release|Any CPU
		{4BA09CF9-F24B-4ACA-9BB9-6A2EF051943E}.Debug|Any CPU.ActiveCfg = Debug|Any CPU
		{4BA09CF9-F24B-4ACA-9BB9-6A2EF051943E}.Debug|Any CPU.Build.0 = Debug|Any CPU
		{4BA09CF9-F24B-4ACA-9BB9-6A2EF051943E}.Release|Any CPU.ActiveCfg = Release|Any CPU
		{4BA09CF9-F24B-4ACA-9BB9-6A2EF051943E}.Release|Any CPU.Build.0 = Release|Any CPU
		{A47B0894-0248-446E-95D3-7288A9D304C7}.Debug|Any CPU.ActiveCfg = Debug|Any CPU
		{A47B0894-0248-446E-95D3-7288A9D304C7}.Debug|Any CPU.Build.0 = Debug|Any CPU
		{A47B0894-0248-446E-95D3-7288A9D304C7}.Release|Any CPU.ActiveCfg = Release|Any CPU
		{A47B0894-0248-446E-95D3-7288A9D304C7}.Release|Any CPU.Build.0 = Release|Any CPU
		{AF7D95C2-80DA-4C16-875C-EDC34B0DEEFE}.Debug|Any CPU.ActiveCfg = Debug|Any CPU
		{AF7D95C2-80DA-4C16-875C-EDC34B0DEEFE}.Debug|Any CPU.Build.0 = Debug|Any CPU
		{AF7D95C2-80DA-4C16-875C-EDC34B0DEEFE}.Release|Any CPU.ActiveCfg = Release|Any CPU
		{AF7D95C2-80DA-4C16-875C-EDC34B0DEEFE}.Release|Any CPU.Build.0 = Release|Any CPU
		{E9A83270-C4EC-4D4F-8B35-9431A7081376}.Debug|Any CPU.ActiveCfg = Debug|Any CPU
		{E9A83270-C4EC-4D4F-8B35-9431A7081376}.Debug|Any CPU.Build.0 = Debug|Any CPU
		{E9A83270-C4EC-4D4F-8B35-9431A7081376}.Release|Any CPU.ActiveCfg = Release|Any CPU
		{E9A83270-C4EC-4D4F-8B35-9431A7081376}.Release|Any CPU.Build.0 = Release|Any CPU
		{C7D8EECB-910F-42BA-A6CF-BE34B7C1AB84}.Debug|Any CPU.ActiveCfg = Debug|Any CPU
		{C7D8EECB-910F-42BA-A6CF-BE34B7C1AB84}.Debug|Any CPU.Build.0 = Debug|Any CPU
		{C7D8EECB-910F-42BA-A6CF-BE34B7C1AB84}.Release|Any CPU.ActiveCfg = Release|Any CPU
		{C7D8EECB-910F-42BA-A6CF-BE34B7C1AB84}.Release|Any CPU.Build.0 = Release|Any CPU
		{D159A963-9A23-47BA-8B65-2F79F27D2E0A}.Debug|Any CPU.ActiveCfg = Debug|Any CPU
		{D159A963-9A23-47BA-8B65-2F79F27D2E0A}.Debug|Any CPU.Build.0 = Debug|Any CPU
		{D159A963-9A23-47BA-8B65-2F79F27D2E0A}.Release|Any CPU.ActiveCfg = Release|Any CPU
		{D159A963-9A23-47BA-8B65-2F79F27D2E0A}.Release|Any CPU.Build.0 = Release|Any CPU
		{3ECA87B6-6050-48C7-AF5C-BA549F4A6556}.Debug|Any CPU.ActiveCfg = Debug|Any CPU
		{3ECA87B6-6050-48C7-AF5C-BA549F4A6556}.Debug|Any CPU.Build.0 = Debug|Any CPU
		{3ECA87B6-6050-48C7-AF5C-BA549F4A6556}.Release|Any CPU.ActiveCfg = Release|Any CPU
		{3ECA87B6-6050-48C7-AF5C-BA549F4A6556}.Release|Any CPU.Build.0 = Release|Any CPU
		{3971D074-ADEE-4EF2-9063-65FBC2B9B200}.Debug|Any CPU.ActiveCfg = Debug|Any CPU
		{3971D074-ADEE-4EF2-9063-65FBC2B9B200}.Debug|Any CPU.Build.0 = Debug|Any CPU
		{3971D074-ADEE-4EF2-9063-65FBC2B9B200}.Release|Any CPU.ActiveCfg = Release|Any CPU
		{3971D074-ADEE-4EF2-9063-65FBC2B9B200}.Release|Any CPU.Build.0 = Release|Any CPU
	EndGlobalSection
	GlobalSection(SolutionProperties) = preSolution
		HideSolutionNode = FALSE
	EndGlobalSection
	GlobalSection(NestedProjects) = preSolution
		{36FB05A9-E9CF-47AA-B9C5-06437B69ED35} = {656995BA-CF0C-4C71-866E-59F758370D37}
		{5A656A90-5093-465E-8EFD-11C1DA140B72} = {656995BA-CF0C-4C71-866E-59F758370D37}
		{2D4565CF-BD87-498E-AA4E-396CD85AF9FC} = {656995BA-CF0C-4C71-866E-59F758370D37}
		{F799BBC0-80F7-4DDF-8465-8BB55CF12090} = {656995BA-CF0C-4C71-866E-59F758370D37}
		{2172FA27-4DD5-41B0-9960-CA3D05E27CC0} = {36FB05A9-E9CF-47AA-B9C5-06437B69ED35}
		{512D33D6-DBEB-4534-8B14-371C51DA6C68} = {F799BBC0-80F7-4DDF-8465-8BB55CF12090}
		{F8BD7F20-2EBD-4349-88C7-5F3C6A2F0A71} = {5A656A90-5093-465E-8EFD-11C1DA140B72}
		{CC4916B5-2CE6-428C-9FCE-B2ED4AE0D994} = {2D4565CF-BD87-498E-AA4E-396CD85AF9FC}
		{B3E31C96-A5C0-49F8-AF7B-BAFFD602EB4B} = {5A656A90-5093-465E-8EFD-11C1DA140B72}
		{2EBAC22F-FBFD-4172-8353-F34FC026379B} = {F799BBC0-80F7-4DDF-8465-8BB55CF12090}
		{265EFCF0-54C1-490F-B3C1-3B2A049E023F} = {DDA6DB6B-EAF8-44A6-9DCC-84C4C67B050E}
		{4BA09CF9-F24B-4ACA-9BB9-6A2EF051943E} = {12E541D0-7FC3-4984-8029-FCA17E9DDC80}
		{A47B0894-0248-446E-95D3-7288A9D304C7} = {12E541D0-7FC3-4984-8029-FCA17E9DDC80}
		{AF7D95C2-80DA-4C16-875C-EDC34B0DEEFE} = {DDA6DB6B-EAF8-44A6-9DCC-84C4C67B050E}
		{E9A83270-C4EC-4D4F-8B35-9431A7081376} = {F799BBC0-80F7-4DDF-8465-8BB55CF12090}
		{C7D8EECB-910F-42BA-A6CF-BE34B7C1AB84} = {12E541D0-7FC3-4984-8029-FCA17E9DDC80}
		{D159A963-9A23-47BA-8B65-2F79F27D2E0A} = {36FB05A9-E9CF-47AA-B9C5-06437B69ED35}
		{3ECA87B6-6050-48C7-AF5C-BA549F4A6556} = {2D4565CF-BD87-498E-AA4E-396CD85AF9FC}
		{3971D074-ADEE-4EF2-9063-65FBC2B9B200} = {F799BBC0-80F7-4DDF-8465-8BB55CF12090}
	EndGlobalSection
	GlobalSection(ExtensibilityGlobals) = postSolution
		SolutionGuid = {47F10BCB-B7EB-426D-AA90-CFA5A1947790}
	EndGlobalSection
EndGlobal
